
Microsoft Visual Studio Solution File, Format Version 12.00
# Visual Studio Version 16
VisualStudioVersion = 16.0.29326.143
MinimumVisualStudioVersion = 10.0.40219.1
Project("{FAE04EC0-301F-11D3-BF4B-00C04F79EFBC}") = "TowersOfHanoiGame", "TowersOfHanoiGame\TowersOfHanoiGame.csproj", "{5C735545-FD44-4EA5-8450-54785941C150}"
EndProject
Global
	GlobalSection(SolutionConfigurationPlatforms) = preSolution
		Debug|Any CPU = Debug|Any CPU
		Release|Any CPU = Release|Any CPU
	EndGlobalSection
	GlobalSection(ProjectConfigurationPlatforms) = postSolution
		{5C735545-FD44-4EA5-8450-54785941C150}.Debug|Any CPU.ActiveCfg = Debug|Any CPU
		{5C735545-FD44-4EA5-8450-54785941C150}.Debug|Any CPU.Build.0 = Debug|Any CPU
		{5C735545-FD44-4EA5-8450-54785941C150}.Release|Any CPU.ActiveCfg = Release|Any CPU
		{5C735545-FD44-4EA5-8450-54785941C150}.Release|Any CPU.Build.0 = Release|Any CPU
	EndGlobalSection
	GlobalSection(SolutionProperties) = preSolution
		HideSolutionNode = FALSE
	EndGlobalSection
	GlobalSection(ExtensibilityGlobals) = postSolution
		SolutionGuid = {3A8275E3-62A1-4619-BD4E-F9058B97BDC2}
	EndGlobalSection
EndGlobal
